// !$*UTF8*$!
{
	archiveVersion = 1;
	classes = {
	};
	objectVersion = 50;
	objects = {

/* Begin PBXBuildFile section */
		611FC96E229BE4DE00DB186C /* AppDelegate.swift in Sources */ = {isa = PBXBuildFile; fileRef = 611FC96D229BE4DE00DB186C /* AppDelegate.swift */; };
		611FC970229BE4DE00DB186C /* ViewController.swift in Sources */ = {isa = PBXBuildFile; fileRef = 611FC96F229BE4DE00DB186C /* ViewController.swift */; };
		611FC973229BE4DE00DB186C /* Main.storyboard in Resources */ = {isa = PBXBuildFile; fileRef = 611FC971229BE4DE00DB186C /* Main.storyboard */; };
		611FC975229BE4DF00DB186C /* Assets.xcassets in Resources */ = {isa = PBXBuildFile; fileRef = 611FC974229BE4DF00DB186C /* Assets.xcassets */; };
		611FC978229BE4DF00DB186C /* LaunchScreen.storyboard in Resources */ = {isa = PBXBuildFile; fileRef = 611FC976229BE4DF00DB186C /* LaunchScreen.storyboard */; };
		611FC980229BE5A300DB186C /* UIColorViewController.swift in Sources */ = {isa = PBXBuildFile; fileRef = 611FC97F229BE5A300DB186C /* UIColorViewController.swift */; };
		611FC982229BE81900DB186C /* CGColorCIColorViewController.swift in Sources */ = {isa = PBXBuildFile; fileRef = 611FC981229BE81900DB186C /* CGColorCIColorViewController.swift */; };
		611FC984229BE99000DB186C /* PatternImageViewController.swift in Sources */ = {isa = PBXBuildFile; fileRef = 611FC983229BE99000DB186C /* PatternImageViewController.swift */; };
		611FC986229BEAB400DB186C /* ColorSetViewController.swift in Sources */ = {isa = PBXBuildFile; fileRef = 611FC985229BEAB400DB186C /* ColorSetViewController.swift */; };
		611FC988229BECCB00DB186C /* CustomDrawingViewController.swift in Sources */ = {isa = PBXBuildFile; fileRef = 611FC987229BECCB00DB186C /* CustomDrawingViewController.swift */; };
/* End PBXBuildFile section */

/* Begin PBXFileReference section */
		611FC96A229BE4DE00DB186C /* Color.app */ = {isa = PBXFileReference; explicitFileType = wrapper.application; includeInIndex = 0; path = Color.app; sourceTree = BUILT_PRODUCTS_DIR; };
		611FC96D229BE4DE00DB186C /* AppDelegate.swift */ = {isa = PBXFileReference; lastKnownFileType = sourcecode.swift; path = AppDelegate.swift; sourceTree = "<group>"; };
		611FC96F229BE4DE00DB186C /* ViewController.swift */ = {isa = PBXFileReference; lastKnownFileType = sourcecode.swift; path = ViewController.swift; sourceTree = "<group>"; };
		611FC972229BE4DE00DB186C /* Base */ = {isa = PBXFileReference; lastKnownFileType = file.storyboard; name = Base; path = Base.lproj/Main.storyboard; sourceTree = "<group>"; };
		611FC974229BE4DF00DB186C /* Assets.xcassets */ = {isa = PBXFileReference; lastKnownFileType = folder.assetcatalog; path = Assets.xcassets; sourceTree = "<group>"; };
		611FC977229BE4DF00DB186C /* Base */ = {isa = PBXFileReference; lastKnownFileType = file.storyboard; name = Base; path = Base.lproj/LaunchScreen.storyboard; sourceTree = "<group>"; };
		611FC979229BE4DF00DB186C /* Info.plist */ = {isa = PBXFileReference; lastKnownFileType = text.plist.xml; path = Info.plist; sourceTree = "<group>"; };
		611FC97F229BE5A300DB186C /* UIColorViewController.swift */ = {isa = PBXFileReference; lastKnownFileType = sourcecode.swift; path = UIColorViewController.swift; sourceTree = "<group>"; };
		611FC981229BE81900DB186C /* CGColorCIColorViewController.swift */ = {isa = PBXFileReference; lastKnownFileType = sourcecode.swift; path = CGColorCIColorViewController.swift; sourceTree = "<group>"; };
		611FC983229BE99000DB186C /* PatternImageViewController.swift */ = {isa = PBXFileReference; lastKnownFileType = sourcecode.swift; path = PatternImageViewController.swift; sourceTree = "<group>"; };
		611FC985229BEAB400DB186C /* ColorSetViewController.swift */ = {isa = PBXFileReference; lastKnownFileType = sourcecode.swift; path = ColorSetViewController.swift; sourceTree = "<group>"; };
		611FC987229BECCB00DB186C /* CustomDrawingViewController.swift */ = {isa = PBXFileReference; lastKnownFileType = sourcecode.swift; path = CustomDrawingViewController.swift; sourceTree = "<group>"; };
/* End PBXFileReference section */

/* Begin PBXFrameworksBuildPhase section */
		611FC967229BE4DE00DB186C /* Frameworks */ = {
			isa = PBXFrameworksBuildPhase;
			buildActionMask = 2147483647;
			files = (
			);
			runOnlyForDeploymentPostprocessing = 0;
		};
/* End PBXFrameworksBuildPhase section */

/* Begin PBXGroup section */
		611FC961229BE4DE00DB186C = {
			isa = PBXGroup;
			children = (
				611FC96C229BE4DE00DB186C /* Color */,
				611FC96B229BE4DE00DB186C /* Products */,
			);
			sourceTree = "<group>";
		};
		611FC96B229BE4DE00DB186C /* Products */ = {
			isa = PBXGroup;
			children = (
				611FC96A229BE4DE00DB186C /* Color.app */,
			);
			name = Products;
			sourceTree = "<group>";
		};
		611FC96C229BE4DE00DB186C /* Color */ = {
			isa = PBXGroup;
			children = (
				611FC96D229BE4DE00DB186C /* AppDelegate.swift */,
				611FC96F229BE4DE00DB186C /* ViewController.swift */,
				611FC971229BE4DE00DB186C /* Main.storyboard */,
				611FC974229BE4DF00DB186C /* Assets.xcassets */,
				611FC976229BE4DF00DB186C /* LaunchScreen.storyboard */,
				611FC979229BE4DF00DB186C /* Info.plist */,
				611FC97F229BE5A300DB186C /* UIColorViewController.swift */,
				611FC981229BE81900DB186C /* CGColorCIColorViewController.swift */,
				611FC983229BE99000DB186C /* PatternImageViewController.swift */,
				611FC985229BEAB400DB186C /* ColorSetViewController.swift */,
				611FC987229BECCB00DB186C /* CustomDrawingViewController.swift */,
			);
			path = Color;
			sourceTree = "<group>";
		};
/* End PBXGroup section */

/* Begin PBXNativeTarget section */
		611FC969229BE4DE00DB186C /* Color */ = {
			isa = PBXNativeTarget;
			buildConfigurationList = 611FC97C229BE4DF00DB186C /* Build configuration list for PBXNativeTarget "Color" */;
			buildPhases = (
				611FC966229BE4DE00DB186C /* Sources */,
				611FC967229BE4DE00DB186C /* Frameworks */,
				611FC968229BE4DE00DB186C /* Resources */,
			);
			buildRules = (
			);
			dependencies = (
			);
			name = Color;
			productName = Color;
			productReference = 611FC96A229BE4DE00DB186C /* Color.app */;
			productType = "com.apple.product-type.application";
		};
/* End PBXNativeTarget section */

/* Begin PBXProject section */
		611FC962229BE4DE00DB186C /* Project object */ = {
			isa = PBXProject;
			attributes = {
				LastSwiftUpdateCheck = 1020;
				LastUpgradeCheck = 1020;
				ORGANIZATIONNAME = "Seungjun Lim";
				TargetAttributes = {
					611FC969229BE4DE00DB186C = {
						CreatedOnToolsVersion = 10.2.1;
					};
				};
			};
			buildConfigurationList = 611FC965229BE4DE00DB186C /* Build configuration list for PBXProject "Color" */;
			compatibilityVersion = "Xcode 9.3";
			developmentRegion = en;
			hasScannedForEncodings = 0;
			knownRegions = (
				en,
				Base,
			);
			mainGroup = 611FC961229BE4DE00DB186C;
			productRefGroup = 611FC96B229BE4DE00DB186C /* Products */;
			projectDirPath = "";
			projectRoot = "";
			targets = (
				611FC969229BE4DE00DB186C /* Color */,
			);
		};
/* End PBXProject section */

/* Begin PBXResourcesBuildPhase section */
		611FC968229BE4DE00DB186C /* Resources */ = {
			isa = PBXResourcesBuildPhase;
			buildActionMask = 2147483647;
			files = (
				611FC978229BE4DF00DB186C /* LaunchScreen.storyboard in Resources */,
				611FC975229BE4DF00DB186C /* Assets.xcassets in Resources */,
				611FC973229BE4DE00DB186C /* Main.storyboard in Resources */,
			);
			runOnlyForDeploymentPostprocessing = 0;
		};
/* End PBXResourcesBuildPhase section */

/* Begin PBXSourcesBuildPhase section */
		611FC966229BE4DE00DB186C /* Sources */ = {
			isa = PBXSourcesBuildPhase;
			buildActionMask = 2147483647;
			files = (
				611FC982229BE81900DB186C /* CGColorCIColorViewController.swift in Sources */,
				611FC970229BE4DE00DB186C /* ViewController.swift in Sources */,
				611FC984229BE99000DB186C /* PatternImageViewController.swift in Sources */,
				611FC980229BE5A300DB186C /* UIColorViewController.swift in Sources */,
				611FC96E229BE4DE00DB186C /* AppDelegate.swift in Sources */,
				611FC986229BEAB400DB186C /* ColorSetViewController.swift in Sources */,
				611FC988229BECCB00DB186C /* CustomDrawingViewController.swift in Sources */,
			);
			runOnlyForDeploymentPostprocessing = 0;
		};
/* End PBXSourcesBuildPhase section */

/* Begin PBXVariantGroup section */
		611FC971229BE4DE00DB186C /* Main.storyboard */ = {
			isa = PBXVariantGroup;
			children = (
				611FC972229BE4DE00DB186C /* Base */,
			);
			name = Main.storyboard;
			sourceTree = "<group>";
		};
		611FC976229BE4DF00DB186C /* LaunchScreen.storyboard */ = {
			isa = PBXVariantGroup;
			children = (
				611FC977229BE4DF00DB186C /* Base */,
			);
			name = LaunchScreen.storyboard;
			sourceTree = "<group>";
		};
/* End PBXVariantGroup section */

/* Begin XCBuildConfiguration section */
		611FC97A229BE4DF00DB186C /* Debug */ = {
			isa = XCBuildConfiguration;
			buildSettings = {
				ALWAYS_SEARCH_USER_PATHS = NO;
				CLANG_ANALYZER_NONNULL = YES;
				CLANG_ANALYZER_NUMBER_OBJECT_CONVERSION = YES_AGGRESSIVE;
				CLANG_CXX_LANGUAGE_STANDARD = "gnu++14";
				CLANG_CXX_LIBRARY = "libc++";
				CLANG_ENABLE_MODULES = YES;
				CLANG_ENABLE_OBJC_ARC = YES;
				CLANG_ENABLE_OBJC_WEAK = YES;
				CLANG_WARN_BLOCK_CAPTURE_AUTORELEASING = YES;
				CLANG_WARN_BOOL_CONVERSION = YES;
				CLANG_WARN_COMMA = YES;
				CLANG_WARN_CONSTANT_CONVERSION = YES;
				CLANG_WARN_DEPRECATED_OBJC_IMPLEMENTATIONS = YES;
				CLANG_WARN_DIRECT_OBJC_ISA_USAGE = YES_ERROR;
				CLANG_WARN_DOCUMENTATION_COMMENTS = YES;
				CLANG_WARN_EMPTY_BODY = YES;
				CLANG_WARN_ENUM_CONVERSION = YES;
				CLANG_WARN_INFINITE_RECURSION = YES;
				CLANG_WARN_INT_CONVERSION = YES;
				CLANG_WARN_NON_LITERAL_NULL_CONVERSION = YES;
				CLANG_WARN_OBJC_IMPLICIT_RETAIN_SELF = YES;
				CLANG_WARN_OBJC_LITERAL_CONVERSION = YES;
				CLANG_WARN_OBJC_ROOT_CLASS = YES_ERROR;
				CLANG_WARN_RANGE_LOOP_ANALYSIS = YES;
				CLANG_WARN_STRICT_PROTOTYPES = YES;
				CLANG_WARN_SUSPICIOUS_MOVE = YES;
				CLANG_WARN_UNGUARDED_AVAILABILITY = YES_AGGRESSIVE;
				CLANG_WARN_UNREACHABLE_CODE = YES;
				CLANG_WARN__DUPLICATE_METHOD_MATCH = YES;
				CODE_SIGN_IDENTITY = "iPhone Developer";
				COPY_PHASE_STRIP = NO;
				DEBUG_INFORMATION_FORMAT = dwarf;
				ENABLE_STRICT_OBJC_MSGSEND = YES;
				ENABLE_TESTABILITY = YES;
				GCC_C_LANGUAGE_STANDARD = gnu11;
				GCC_DYNAMIC_NO_PIC = NO;
				GCC_NO_COMMON_BLOCKS = YES;
				GCC_OPTIMIZATION_LEVEL = 0;
				GCC_PREPROCESSOR_DEFINITIONS = (
					"DEBUG=1",
					"$(inherited)",
				);
				GCC_WARN_64_TO_32_BIT_CONVERSION = YES;
				GCC_WARN_ABOUT_RETURN_TYPE = YES_ERROR;
				GCC_WARN_UNDECLARED_SELECTOR = YES;
				GCC_WARN_UNINITIALIZED_AUTOS = YES_AGGRESSIVE;
				GCC_WARN_UNUSED_FUNCTION = YES;
				GCC_WARN_UNUSED_VARIABLE = YES;
				IPHONEOS_DEPLOYMENT_TARGET = 12.2;
				MTL_ENABLE_DEBUG_INFO = INCLUDE_SOURCE;
				MTL_FAST_MATH = YES;
				ONLY_ACTIVE_ARCH = YES;
				SDKROOT = iphoneos;
				SWIFT_ACTIVE_COMPILATION_CONDITIONS = DEBUG;
				SWIFT_OPTIMIZATION_LEVEL = "-Onone";
			};
			name = Debug;
		};
		611FC97B229BE4DF00DB186C /* Release */ = {
			isa = XCBuildConfiguration;
			buildSettings = {
				ALWAYS_SEARCH_USER_PATHS = NO;
				CLANG_ANALYZER_NONNULL = YES;
				CLANG_ANALYZER_NUMBER_OBJECT_CONVERSION = YES_AGGRESSIVE;
				CLANG_CXX_LANGUAGE_STANDARD = "gnu++14";
				CLANG_CXX_LIBRARY = "libc++";
				CLANG_ENABLE_MODULES = YES;
				CLANG_ENABLE_OBJC_ARC = YES;
				CLANG_ENABLE_OBJC_WEAK = YES;
				CLANG_WARN_BLOCK_CAPTURE_AUTORELEASING = YES;
				CLANG_WARN_BOOL_CONVERSION = YES;
				CLANG_WARN_COMMA = YES;
				CLANG_WARN_CONSTANT_CONVERSION = YES;
				CLANG_WARN_DEPRECATED_OBJC_IMPLEMENTATIONS = YES;
				CLANG_WARN_DIRECT_OBJC_ISA_USAGE = YES_ERROR;
				CLANG_WARN_DOCUMENTATION_COMMENTS = YES;
				CLANG_WARN_EMPTY_BODY = YES;
				CLANG_WARN_ENUM_CONVERSION = YES;
				CLANG_WARN_INFINITE_RECURSION = YES;
				CLANG_WARN_INT_CONVERSION = YES;
				CLANG_WARN_NON_LITERAL_NULL_CONVERSION = YES;
				CLANG_WARN_OBJC_IMPLICIT_RETAIN_SELF = YES;
				CLANG_WARN_OBJC_LITERAL_CONVERSION = YES;
				CLANG_WARN_OBJC_ROOT_CLASS = YES_ERROR;
				CLANG_WARN_RANGE_LOOP_ANALYSIS = YES;
				CLANG_WARN_STRICT_PROTOTYPES = YES;
				CLANG_WARN_SUSPICIOUS_MOVE = YES;
				CLANG_WARN_UNGUARDED_AVAILABILITY = YES_AGGRESSIVE;
				CLANG_WARN_UNREACHABLE_CODE = YES;
				CLANG_WARN__DUPLICATE_METHOD_MATCH = YES;
				CODE_SIGN_IDENTITY = "iPhone Developer";
				COPY_PHASE_STRIP = NO;
				DEBUG_INFORMATION_FORMAT = "dwarf-with-dsym";
				ENABLE_NS_ASSERTIONS = NO;
				ENABLE_STRICT_OBJC_MSGSEND = YES;
				GCC_C_LANGUAGE_STANDARD = gnu11;
				GCC_NO_COMMON_BLOCKS = YES;
				GCC_WARN_64_TO_32_BIT_CONVERSION = YES;
				GCC_WARN_ABOUT_RETURN_TYPE = YES_ERROR;
				GCC_WARN_UNDECLARED_SELECTOR = YES;
				GCC_WARN_UNINITIALIZED_AUTOS = YES_AGGRESSIVE;
				GCC_WARN_UNUSED_FUNCTION = YES;
				GCC_WARN_UNUSED_VARIABLE = YES;
				IPHONEOS_DEPLOYMENT_TARGET = 12.2;
				MTL_ENABLE_DEBUG_INFO = NO;
				MTL_FAST_MATH = YES;
				SDKROOT = iphoneos;
				SWIFT_COMPILATION_MODE = wholemodule;
				SWIFT_OPTIMIZATION_LEVEL = "-O";
				VALIDATE_PRODUCT = YES;
			};
			name = Release;
		};
		611FC97D229BE4DF00DB186C /* Debug */ = {
			isa = XCBuildConfiguration;
			buildSettings = {
				ASSETCATALOG_COMPILER_APPICON_NAME = AppIcon;
				CODE_SIGN_STYLE = Automatic;
				DEVELOPMENT_TEAM = 2N3RNKY3RM;
				INFOPLIST_FILE = Color/Info.plist;
				LD_RUNPATH_SEARCH_PATHS = (
					"$(inherited)",
					"@executable_path/Frameworks",
				);
				PRODUCT_BUNDLE_IDENTIFIER = com.Codein.Color;
				PRODUCT_NAME = "$(TARGET_NAME)";
				SWIFT_VERSION = 5.0;
				TARGETED_DEVICE_FAMILY = "1,2";
			};
			name = Debug;
		};
		611FC97E229BE4DF00DB186C /* Release */ = {
			isa = XCBuildConfiguration;
			buildSettings = {
				ASSETCATALOG_COMPILER_APPICON_NAME = AppIcon;
				CODE_SIGN_STYLE = Automatic;
				DEVELOPMENT_TEAM = 2N3RNKY3RM;
				INFOPLIST_FILE = Color/Info.plist;
				LD_RUNPATH_SEARCH_PATHS = (
					"$(inherited)",
					"@executable_path/Frameworks",
				);
				PRODUCT_BUNDLE_IDENTIFIER = com.Codein.Color;
				PRODUCT_NAME = "$(TARGET_NAME)";
				SWIFT_VERSION = 5.0;
				TARGETED_DEVICE_FAMILY = "1,2";
			};
			name = Release;
		};
/* End XCBuildConfiguration section */

/* Begin XCConfigurationList section */
		611FC965229BE4DE00DB186C /* Build configuration list for PBXProject "Color" */ = {
			isa = XCConfigurationList;
			buildConfigurations = (
				611FC97A229BE4DF00DB186C /* Debug */,
				611FC97B229BE4DF00DB186C /* Release */,
			);
			defaultConfigurationIsVisible = 0;
			defaultConfigurationName = Release;
		};
		611FC97C229BE4DF00DB186C /* Build configuration list for PBXNativeTarget "Color" */ = {
			isa = XCConfigurationList;
			buildConfigurations = (
				611FC97D229BE4DF00DB186C /* Debug */,
				611FC97E229BE4DF00DB186C /* Release */,
			);
			defaultConfigurationIsVisible = 0;
			defaultConfigurationName = Release;
		};
/* End XCConfigurationList section */
	};
	rootObject = 611FC962229BE4DE00DB186C /* Project object */;
}
